
Microsoft Visual Studio Solution File, Format Version 12.00
# Visual Studio Version 16
VisualStudioVersion = 16.0.31019.35
MinimumVisualStudioVersion = 10.0.40219.1
Project("{FAE04EC0-301F-11D3-BF4B-00C04F79EFBC}") = "LR4.1_OOP", "LR4.1_OOP\LR4.1_OOP.csproj", "{B23606B6-8BBC-4018-959F-E196C6D3CE51}"
EndProject
Global
	GlobalSection(SolutionConfigurationPlatforms) = preSolution
		Debug|Any CPU = Debug|Any CPU
		Release|Any CPU = Release|Any CPU
	EndGlobalSection
	GlobalSection(ProjectConfigurationPlatforms) = postSolution
		{B23606B6-8BBC-4018-959F-E196C6D3CE51}.Debug|Any CPU.ActiveCfg = Debug|Any CPU
		{B23606B6-8BBC-4018-959F-E196C6D3CE51}.Debug|Any CPU.Build.0 = Debug|Any CPU
		{B23606B6-8BBC-4018-959F-E196C6D3CE51}.Release|Any CPU.ActiveCfg = Release|Any CPU
		{B23606B6-8BBC-4018-959F-E196C6D3CE51}.Release|Any CPU.Build.0 = Release|Any CPU
	EndGlobalSection
	GlobalSection(SolutionProperties) = preSolution
		HideSolutionNode = FALSE
	EndGlobalSection
	GlobalSection(ExtensibilityGlobals) = postSolution
		SolutionGuid = {3815BB87-BDFB-4396-8736-6ED794F8611A}
	EndGlobalSection
EndGlobal
